{
    "_readme": [
        "This file locks the dependencies of your project to a known state",
        "Read more about it at http://getcomposer.org/doc/01-basic-usage.md#composer-lock-the-lock-file"
    ],
    "hash": "1ef6e55022ddf5e63bee270b42c4f7ed",
    "packages": [
        {
            "name": "guzzlehttp/guzzle",
            "version": "4.0.0-rc.1",
            "source": {
                "type": "git",
                "url": "https://github.com/guzzle/guzzle.git",
                "reference": "390ebb70a287ee70c6a66cc514515ca0f3a73983"
            },
            "dist": {
                "type": "zip",
                "url": "https://api.github.com/repos/guzzle/guzzle/zipball/390ebb70a287ee70c6a66cc514515ca0f3a73983",
                "reference": "390ebb70a287ee70c6a66cc514515ca0f3a73983",
                "shasum": ""
            },
            "require": {
                "guzzlehttp/streams": "1.0.0-rc.1",
                "php": ">=5.4.0"
            },
            "require-dev": {
                "ext-curl": "*",
                "phpunit/phpunit": "4.*",
                "psr/log": "~1"
            },
            "type": "library",
            "extra": {
                "branch-alias": {
                    "dev-master": "4.0-dev"
                }
            },
            "autoload": {
                "psr-4": {
                    "GuzzleHttp\\": "src/"
                },
                "files": [
                    "src/functions.php"
                ]
            },
            "notification-url": "https://packagist.org/downloads/",
            "license": [
                "MIT"
            ],
            "authors": [
                {
                    "name": "Michael Dowling",
                    "email": "mtdowling@gmail.com",
                    "homepage": "https://github.com/mtdowling"
                }
            ],
            "description": "Guzzle is a PHP HTTP client library and framework for building RESTful web service clients",
            "homepage": "http://guzzlephp.org/",
            "keywords": [
                "client",
                "curl",
                "framework",
                "http",
                "http client",
                "rest",
                "web service"
            ],
            "time": "2014-03-15 23:49:17"
        },
        {
            "name": "guzzlehttp/oauth-subscriber",
            "version": "0.1.0",
            "source": {
                "type": "git",
                "url": "https://github.com/guzzle/oauth-subscriber.git",
                "reference": "cd03796e9bea1bd8a6b5ff2883f0eba19820fe67"
            },
            "dist": {
                "type": "zip",
                "url": "https://api.github.com/repos/guzzle/oauth-subscriber/zipball/cd03796e9bea1bd8a6b5ff2883f0eba19820fe67",
                "reference": "cd03796e9bea1bd8a6b5ff2883f0eba19820fe67",
                "shasum": ""
            },
            "require": {
                "guzzlehttp/guzzle": "4.0.0-rc.1",
                "php": ">=5.4.0"
            },
            "require-dev": {
                "phpunit/phpunit": "4.*"
            },
            "type": "library",
            "autoload": {
                "psr-4": {
                    "GuzzleHttp\\Subscriber\\Oauth\\": "src"
                }
            },
            "notification-url": "https://packagist.org/downloads/",
            "license": [
                "MIT"
            ],
            "authors": [
                {
                    "name": "Michael Dowling",
                    "email": "mtdowling@gmail.com",
                    "homepage": "https://github.com/mtdowling"
                }
            ],
            "description": "Guzzle OAuth 1.0 subscriber",
            "homepage": "http://guzzlephp.org/",
            "keywords": [
                "Guzzle",
                "oauth"
            ],
            "time": "2014-03-16 00:19:10"
        },
        {
            "name": "guzzlehttp/streams",
            "version": "1.0.0-rc.1",
            "source": {
                "type": "git",
                "url": "https://github.com/guzzle/streams.git",
                "reference": "8d1c9e2e53882d5bad5d962db5134094a1a8196d"
            },
            "dist": {
                "type": "zip",
                "url": "https://api.github.com/repos/guzzle/streams/zipball/8d1c9e2e53882d5bad5d962db5134094a1a8196d",
                "reference": "8d1c9e2e53882d5bad5d962db5134094a1a8196d",
                "shasum": ""
            },
            "require": {
                "php": ">=5.4.0"
            },
            "require-dev": {
                "phpunit/phpunit": "4.*"
            },
            "type": "library",
            "autoload": {
                "psr-4": {
                    "GuzzleHttp\\Stream\\": "src/"
                }
            },
            "notification-url": "https://packagist.org/downloads/",
            "license": [
                "MIT"
            ],
            "authors": [
                {
                    "name": "Michael Dowling",
                    "email": "mtdowling@gmail.com",
                    "homepage": "https://github.com/mtdowling"
                }
            ],
            "description": "Provides a simple abstraction over streams of data (Guzzle 4+)",
            "homepage": "http://guzzlephp.org/",
            "keywords": [
                "Guzzle",
                "stream"
            ],
            "time": "2014-03-12 02:31:20"
        }
    ],
    "packages-dev": [

    ],
    "aliases": [

    ],
    "minimum-stability": "dev",
    "stability-flags": [

    ],
    "platform": [

    ],
    "platform-dev": [

    ]
}
